<?xml version="1.0" encoding="utf-8"?>
<Project ToolsVersion="4.0" xmlns="http://schemas.microsoft.com/developer/msbuild/2003">
  <ItemGroup>
    <ClCompile Include="test.cpp" />
    <ClCompile Include="pch.cpp" />
    <ClCompile Include="pointTest.cpp" />
    <ClCompile Include="instanceFileTest.cpp" />
    <ClCompile Include="cVRPSolutionTest.cpp" />
    <ClCompile Include="greedyCVRPTest.cpp" />
    <ClCompile Include="geneticCVRPTest.cpp" />
    <ClCompile Include="geneticCVRP.cpp" />
    <ClCompile Include="geneticCVRPTestMutation.cpp" />
    <ClCompile Include="geneticCVRPTestCrossover.cpp" />
    <ClCompile Include="correctSolutionsValuesTest.cpp" />
  </ItemGroup>
  <ItemGroup>
    <ClInclude Include="pch.h" />
    <ClInclude Include="geneticCVRP.h" />
  </ItemGroup>
  <ItemGroup>
    <None Include="packages.config" />
    <None Include="cpp.hint" />
  </ItemGroup>
</Project>